
Microsoft Visual Studio Solution File, Format Version 12.00
# Visual Studio Version 16
VisualStudioVersion = 16.0.31005.135
MinimumVisualStudioVersion = 10.0.40219.1
Project("{9A19103F-16F7-4668-BE54-9A1E7A4F7556}") = "MyDivTracker.AngularApp", "MyDivTracker.AngularApp\MyDivTracker.AngularApp.csproj", "{87E0AC34-4D14-4598-8DA3-7B8797CEDC47}"
EndProject
Project("{2150E333-8FDC-42A3-9474-1A3956D46DE8}") = "1. Data Layer", "1. Data Layer", "{0364EDF9-ADB4-49B1-90A0-8A57D0678632}"
EndProject
Project("{FAE04EC0-301F-11D3-BF4B-00C04F79EFBC}") = "MyDivTracker.Data", "MyDivTracker.Data\MyDivTracker.Data.csproj", "{9A1FB0C8-D643-42F7-A863-8009A1313DDF}"
EndProject
Project("{FAE04EC0-301F-11D3-BF4B-00C04F79EFBC}") = "MyDivTracker.Data.EFCore", "MyDivTracker.Data.EFCore\MyDivTracker.Data.EFCore.csproj", "{E67431C6-ED9C-42AC-8A3C-B89AA7301512}"
EndProject
Project("{2150E333-8FDC-42A3-9474-1A3956D46DE8}") = "2. Service Layer", "2. Service Layer", "{88EFBD31-9960-4456-BC91-589997531361}"
EndProject
Project("{FAE04EC0-301F-11D3-BF4B-00C04F79EFBC}") = "MyDivTracker.Services", "MyDivTracker.Services\MyDivTracker.Services.csproj", "{822218BA-1FFD-45C7-9055-92A6CAD47D65}"
EndProject
Project("{FAE04EC0-301F-11D3-BF4B-00C04F79EFBC}") = "MyDivTracker.Services.Dtos", "MyDivTracker.Services.Dtos\MyDivTracker.Services.Dtos.csproj", "{5799D158-F855-4543-B421-A6E67E4C0DD4}"
EndProject
Global
	GlobalSection(SolutionConfigurationPlatforms) = preSolution
		Debug|Any CPU = Debug|Any CPU
		Release|Any CPU = Release|Any CPU
	EndGlobalSection
	GlobalSection(ProjectConfigurationPlatforms) = postSolution
		{87E0AC34-4D14-4598-8DA3-7B8797CEDC47}.Debug|Any CPU.ActiveCfg = Debug|Any CPU
		{87E0AC34-4D14-4598-8DA3-7B8797CEDC47}.Debug|Any CPU.Build.0 = Debug|Any CPU
		{87E0AC34-4D14-4598-8DA3-7B8797CEDC47}.Release|Any CPU.ActiveCfg = Release|Any CPU
		{87E0AC34-4D14-4598-8DA3-7B8797CEDC47}.Release|Any CPU.Build.0 = Release|Any CPU
		{9A1FB0C8-D643-42F7-A863-8009A1313DDF}.Debug|Any CPU.ActiveCfg = Debug|Any CPU
		{9A1FB0C8-D643-42F7-A863-8009A1313DDF}.Debug|Any CPU.Build.0 = Debug|Any CPU
		{9A1FB0C8-D643-42F7-A863-8009A1313DDF}.Release|Any CPU.ActiveCfg = Release|Any CPU
		{9A1FB0C8-D643-42F7-A863-8009A1313DDF}.Release|Any CPU.Build.0 = Release|Any CPU
		{E67431C6-ED9C-42AC-8A3C-B89AA7301512}.Debug|Any CPU.ActiveCfg = Debug|Any CPU
		{E67431C6-ED9C-42AC-8A3C-B89AA7301512}.Debug|Any CPU.Build.0 = Debug|Any CPU
		{E67431C6-ED9C-42AC-8A3C-B89AA7301512}.Release|Any CPU.ActiveCfg = Release|Any CPU
		{E67431C6-ED9C-42AC-8A3C-B89AA7301512}.Release|Any CPU.Build.0 = Release|Any CPU
		{822218BA-1FFD-45C7-9055-92A6CAD47D65}.Debug|Any CPU.ActiveCfg = Debug|Any CPU
		{822218BA-1FFD-45C7-9055-92A6CAD47D65}.Debug|Any CPU.Build.0 = Debug|Any CPU
		{822218BA-1FFD-45C7-9055-92A6CAD47D65}.Release|Any CPU.ActiveCfg = Release|Any CPU
		{822218BA-1FFD-45C7-9055-92A6CAD47D65}.Release|Any CPU.Build.0 = Release|Any CPU
		{5799D158-F855-4543-B421-A6E67E4C0DD4}.Debug|Any CPU.ActiveCfg = Debug|Any CPU
		{5799D158-F855-4543-B421-A6E67E4C0DD4}.Debug|Any CPU.Build.0 = Debug|Any CPU
		{5799D158-F855-4543-B421-A6E67E4C0DD4}.Release|Any CPU.ActiveCfg = Release|Any CPU
		{5799D158-F855-4543-B421-A6E67E4C0DD4}.Release|Any CPU.Build.0 = Release|Any CPU
	EndGlobalSection
	GlobalSection(SolutionProperties) = preSolution
		HideSolutionNode = FALSE
	EndGlobalSection
	GlobalSection(NestedProjects) = preSolution
		{9A1FB0C8-D643-42F7-A863-8009A1313DDF} = {0364EDF9-ADB4-49B1-90A0-8A57D0678632}
		{E67431C6-ED9C-42AC-8A3C-B89AA7301512} = {0364EDF9-ADB4-49B1-90A0-8A57D0678632}
		{822218BA-1FFD-45C7-9055-92A6CAD47D65} = {88EFBD31-9960-4456-BC91-589997531361}
		{5799D158-F855-4543-B421-A6E67E4C0DD4} = {88EFBD31-9960-4456-BC91-589997531361}
	EndGlobalSection
	GlobalSection(ExtensibilityGlobals) = postSolution
		SolutionGuid = {31DF8796-78BB-4324-B76D-96195E771747}
	EndGlobalSection
EndGlobal
